
Microsoft Visual Studio Solution File, Format Version 10.00
# Visual Studio 2008
Project("{FAE04EC0-301F-11D3-BF4B-00C04F79EFBC}") = "Membrane", "Membrane\Membrane.csproj", "{390BD897-89B6-4D73-8B92-8B66C688004C}"
EndProject
Project("{FAE04EC0-301F-11D3-BF4B-00C04F79EFBC}") = "Membrane.Tests", "Membrane.Tests\Membrane.Tests.csproj", "{5F552887-F9EE-40AC-BFC1-FD41D7064650}"
EndProject
Project("{FAE04EC0-301F-11D3-BF4B-00C04F79EFBC}") = "Membrane.Core", "Membrane.Core\Membrane.Core.csproj", "{9926362A-159C-4073-B525-CF11FCE730B1}"
EndProject
Project("{FAE04EC0-301F-11D3-BF4B-00C04F79EFBC}") = "Membrane.Commons", "Membrane.Commons\Membrane.Commons.csproj", "{447ECB81-C632-46DD-9FDD-38696EA69C72}"
EndProject
Project("{FAE04EC0-301F-11D3-BF4B-00C04F79EFBC}") = "Membrane.Entities", "Membrane.Entities\Membrane.Entities.csproj", "{252BEF52-0747-49C1-95AE-4AFEBB259F73}"
EndProject
Project("{FAE04EC0-301F-11D3-BF4B-00C04F79EFBC}") = "Membrane.Plugins", "Membrane.Plugins\Membrane.Plugins.csproj", "{C9B4E161-F91B-4019-B53D-83F706020E0A}"
EndProject
Project("{FAE04EC0-301F-11D3-BF4B-00C04F79EFBC}") = "Membrane.Plugins.Tests", "Membrane.Plugins.Tests\Membrane.Plugins.Tests.csproj", "{62860CC8-F5D4-40C6-BF44-45010BC3ECD4}"
EndProject
Global
	GlobalSection(SolutionConfigurationPlatforms) = preSolution
		Debug|Any CPU = Debug|Any CPU
		Release|Any CPU = Release|Any CPU
	EndGlobalSection
	GlobalSection(ProjectConfigurationPlatforms) = postSolution
		{390BD897-89B6-4D73-8B92-8B66C688004C}.Debug|Any CPU.ActiveCfg = Debug|Any CPU
		{390BD897-89B6-4D73-8B92-8B66C688004C}.Debug|Any CPU.Build.0 = Debug|Any CPU
		{390BD897-89B6-4D73-8B92-8B66C688004C}.Release|Any CPU.ActiveCfg = Release|Any CPU
		{390BD897-89B6-4D73-8B92-8B66C688004C}.Release|Any CPU.Build.0 = Release|Any CPU
		{5F552887-F9EE-40AC-BFC1-FD41D7064650}.Debug|Any CPU.ActiveCfg = Debug|Any CPU
		{5F552887-F9EE-40AC-BFC1-FD41D7064650}.Debug|Any CPU.Build.0 = Debug|Any CPU
		{5F552887-F9EE-40AC-BFC1-FD41D7064650}.Release|Any CPU.ActiveCfg = Release|Any CPU
		{5F552887-F9EE-40AC-BFC1-FD41D7064650}.Release|Any CPU.Build.0 = Release|Any CPU
		{9926362A-159C-4073-B525-CF11FCE730B1}.Debug|Any CPU.ActiveCfg = Debug|Any CPU
		{9926362A-159C-4073-B525-CF11FCE730B1}.Debug|Any CPU.Build.0 = Debug|Any CPU
		{9926362A-159C-4073-B525-CF11FCE730B1}.Release|Any CPU.ActiveCfg = Release|Any CPU
		{9926362A-159C-4073-B525-CF11FCE730B1}.Release|Any CPU.Build.0 = Release|Any CPU
		{447ECB81-C632-46DD-9FDD-38696EA69C72}.Debug|Any CPU.ActiveCfg = Debug|Any CPU
		{447ECB81-C632-46DD-9FDD-38696EA69C72}.Debug|Any CPU.Build.0 = Debug|Any CPU
		{447ECB81-C632-46DD-9FDD-38696EA69C72}.Release|Any CPU.ActiveCfg = Release|Any CPU
		{447ECB81-C632-46DD-9FDD-38696EA69C72}.Release|Any CPU.Build.0 = Release|Any CPU
		{252BEF52-0747-49C1-95AE-4AFEBB259F73}.Debug|Any CPU.ActiveCfg = Debug|Any CPU
		{252BEF52-0747-49C1-95AE-4AFEBB259F73}.Debug|Any CPU.Build.0 = Debug|Any CPU
		{252BEF52-0747-49C1-95AE-4AFEBB259F73}.Release|Any CPU.ActiveCfg = Release|Any CPU
		{252BEF52-0747-49C1-95AE-4AFEBB259F73}.Release|Any CPU.Build.0 = Release|Any CPU
		{C9B4E161-F91B-4019-B53D-83F706020E0A}.Debug|Any CPU.ActiveCfg = Debug|Any CPU
		{C9B4E161-F91B-4019-B53D-83F706020E0A}.Debug|Any CPU.Build.0 = Debug|Any CPU
		{C9B4E161-F91B-4019-B53D-83F706020E0A}.Release|Any CPU.ActiveCfg = Release|Any CPU
		{C9B4E161-F91B-4019-B53D-83F706020E0A}.Release|Any CPU.Build.0 = Release|Any CPU
		{62860CC8-F5D4-40C6-BF44-45010BC3ECD4}.Debug|Any CPU.ActiveCfg = Debug|Any CPU
		{62860CC8-F5D4-40C6-BF44-45010BC3ECD4}.Debug|Any CPU.Build.0 = Debug|Any CPU
		{62860CC8-F5D4-40C6-BF44-45010BC3ECD4}.Release|Any CPU.ActiveCfg = Release|Any CPU
		{62860CC8-F5D4-40C6-BF44-45010BC3ECD4}.Release|Any CPU.Build.0 = Release|Any CPU
	EndGlobalSection
	GlobalSection(SolutionProperties) = preSolution
		HideSolutionNode = FALSE
	EndGlobalSection
EndGlobal
